
Microsoft Visual Studio Solution File, Format Version 12.00
# Visual Studio Version 16
VisualStudioVersion = 16.0.30406.217
MinimumVisualStudioVersion = 10.0.40219.1
Project("{FAE04EC0-301F-11D3-BF4B-00C04F79EFBC}") = "EFDemoWeb", "EFDemoWeb\EFDemoWeb.csproj", "{8F755B49-A140-4032-B01A-ACEA5DCFC08B}"
EndProject
Project("{FAE04EC0-301F-11D3-BF4B-00C04F79EFBC}") = "EFDataAccessLibrary", "EFDataAccessLibrary\EFDataAccessLibrary.csproj", "{F52DF24F-620F-4E70-9864-90DC92CAFD38}"
EndProject
Global
	GlobalSection(SolutionConfigurationPlatforms) = preSolution
		Debug|Any CPU = Debug|Any CPU
		Release|Any CPU = Release|Any CPU
	EndGlobalSection
	GlobalSection(ProjectConfigurationPlatforms) = postSolution
		{8F755B49-A140-4032-B01A-ACEA5DCFC08B}.Debug|Any CPU.ActiveCfg = Debug|Any CPU
		{8F755B49-A140-4032-B01A-ACEA5DCFC08B}.Debug|Any CPU.Build.0 = Debug|Any CPU
		{8F755B49-A140-4032-B01A-ACEA5DCFC08B}.Release|Any CPU.ActiveCfg = Release|Any CPU
		{8F755B49-A140-4032-B01A-ACEA5DCFC08B}.Release|Any CPU.Build.0 = Release|Any CPU
		{F52DF24F-620F-4E70-9864-90DC92CAFD38}.Debug|Any CPU.ActiveCfg = Debug|Any CPU
		{F52DF24F-620F-4E70-9864-90DC92CAFD38}.Debug|Any CPU.Build.0 = Debug|Any CPU
		{F52DF24F-620F-4E70-9864-90DC92CAFD38}.Release|Any CPU.ActiveCfg = Release|Any CPU
		{F52DF24F-620F-4E70-9864-90DC92CAFD38}.Release|Any CPU.Build.0 = Release|Any CPU
	EndGlobalSection
	GlobalSection(SolutionProperties) = preSolution
		HideSolutionNode = FALSE
	EndGlobalSection
	GlobalSection(ExtensibilityGlobals) = postSolution
		SolutionGuid = {91D4F298-0DCD-494D-83ED-7338AC75F2C7}
	EndGlobalSection
EndGlobal
